// !$*UTF8*$!
{
	archiveVersion = 1;
	classes = {
	};
	objectVersion = 56;
	objects = {

/* Begin PBXBuildFile section */
		3A2CE8BA2BA4C1750021B106 /* CarbonApp.swift in Sources */ = {isa = PBXBuildFile; fileRef = 3A2CE8B92BA4C1750021B106 /* CarbonApp.swift */; };
		3A2CE8C02BA4C1780021B106 /* Assets.xcassets in Resources */ = {isa = PBXBuildFile; fileRef = 3A2CE8BF2BA4C1780021B106 /* Assets.xcassets */; };
		3A2CE8C32BA4C1780021B106 /* Preview Assets.xcassets in Resources */ = {isa = PBXBuildFile; fileRef = 3A2CE8C22BA4C1780021B106 /* Preview Assets.xcassets */; };
		3A2CE8CF2BA4C1BB0021B106 /* SceneDelegate.swift in Sources */ = {isa = PBXBuildFile; fileRef = 3A2CE8CB2BA4C1BB0021B106 /* SceneDelegate.swift */; };
		3A2CE8D12BA4C1BB0021B106 /* RootView.swift in Sources */ = {isa = PBXBuildFile; fileRef = 3A2CE8CD2BA4C1BB0021B106 /* RootView.swift */; };
		3A2CE8D22BA4C1BB0021B106 /* TabBar.swift in Sources */ = {isa = PBXBuildFile; fileRef = 3A2CE8CE2BA4C1BB0021B106 /* TabBar.swift */; };
		3A2CE8D52BA4C1F10021B106 /* ComposableArchitecture in Frameworks */ = {isa = PBXBuildFile; productRef = 3A2CE8D42BA4C1F10021B106 /* ComposableArchitecture */; };
		3A2CE8D82BA4C25F0021B106 /* RiveRuntime in Frameworks */ = {isa = PBXBuildFile; productRef = 3A2CE8D72BA4C25F0021B106 /* RiveRuntime */; };
		3A2CE8DB2BA4C2830021B106 /* CardView.swift in Sources */ = {isa = PBXBuildFile; fileRef = 3A2CE8D92BA4C2830021B106 /* CardView.swift */; };
		3A2CE8DC2BA4C2830021B106 /* CardsListView.swift in Sources */ = {isa = PBXBuildFile; fileRef = 3A2CE8DA2BA4C2830021B106 /* CardsListView.swift */; };
		3A2CE8DF2BA4C2B60021B106 /* leaf_animation.riv in Resources */ = {isa = PBXBuildFile; fileRef = 3A2CE8DE2BA4C2B60021B106 /* leaf_animation.riv */; };
		3A2CE8E12BA4C2E60021B106 /* EntryWidget.swift in Sources */ = {isa = PBXBuildFile; fileRef = 3A2CE8E02BA4C2E60021B106 /* EntryWidget.swift */; };
		3A2CE8E32BA4C3260021B106 /* AppDelegate.swift in Sources */ = {isa = PBXBuildFile; fileRef = 3A2CE8E22BA4C3260021B106 /* AppDelegate.swift */; };
		3A2CE8E62BA4C3590021B106 /* CustomTabBar.swift in Sources */ = {isa = PBXBuildFile; fileRef = 3A2CE8E52BA4C3590021B106 /* CustomTabBar.swift */; };
		3A2CE8E82BA4C3730021B106 /* PassThroughWindow.swift in Sources */ = {isa = PBXBuildFile; fileRef = 3A2CE8E72BA4C3730021B106 /* PassThroughWindow.swift */; };
		3A2CE8EA2BA4C4480021B106 /* DashboardView.swift in Sources */ = {isa = PBXBuildFile; fileRef = 3A2CE8E92BA4C4480021B106 /* DashboardView.swift */; };
		3A2CE8EC2BA4C76A0021B106 /* TransactionsListView.swift in Sources */ = {isa = PBXBuildFile; fileRef = 3A2CE8EB2BA4C76A0021B106 /* TransactionsListView.swift */; };
		3A2CE8EE2BA4C7780021B106 /* TransactionRowView.swift in Sources */ = {isa = PBXBuildFile; fileRef = 3A2CE8ED2BA4C7780021B106 /* TransactionRowView.swift */; };
		3A2CE8F02BA4C78A0021B106 /* TransactionDetailsView.swift in Sources */ = {isa = PBXBuildFile; fileRef = 3A2CE8EF2BA4C78A0021B106 /* TransactionDetailsView.swift */; };
		3A2CE8F32BA4C7FF0021B106 /* Card.swift in Sources */ = {isa = PBXBuildFile; fileRef = 3A2CE8F22BA4C7FF0021B106 /* Card.swift */; };
		3A2CE8F52BA4C8280021B106 /* Transaction.swift in Sources */ = {isa = PBXBuildFile; fileRef = 3A2CE8F42BA4C8280021B106 /* Transaction.swift */; };
		3A2CE8F72BA4D5800021B106 /* Tab.swift in Sources */ = {isa = PBXBuildFile; fileRef = 3A2CE8F62BA4D5800021B106 /* Tab.swift */; };
		3A2CE8FA2BA548320021B106 /* Database.swift in Sources */ = {isa = PBXBuildFile; fileRef = 3A2CE8F92BA548320021B106 /* Database.swift */; };
/* End PBXBuildFile section */

/* Begin PBXFileReference section */
		3A2CE8B62BA4C1750021B106 /* Carbon.app */ = {isa = PBXFileReference; explicitFileType = wrapper.application; includeInIndex = 0; path = Carbon.app; sourceTree = BUILT_PRODUCTS_DIR; };
		3A2CE8B92BA4C1750021B106 /* CarbonApp.swift */ = {isa = PBXFileReference; lastKnownFileType = sourcecode.swift; path = CarbonApp.swift; sourceTree = "<group>"; };
		3A2CE8BF2BA4C1780021B106 /* Assets.xcassets */ = {isa = PBXFileReference; lastKnownFileType = folder.assetcatalog; path = Assets.xcassets; sourceTree = "<group>"; };
		3A2CE8C22BA4C1780021B106 /* Preview Assets.xcassets */ = {isa = PBXFileReference; lastKnownFileType = folder.assetcatalog; path = "Preview Assets.xcassets"; sourceTree = "<group>"; };
		3A2CE8CB2BA4C1BB0021B106 /* SceneDelegate.swift */ = {isa = PBXFileReference; fileEncoding = 4; lastKnownFileType = sourcecode.swift; path = SceneDelegate.swift; sourceTree = "<group>"; };
		3A2CE8CD2BA4C1BB0021B106 /* RootView.swift */ = {isa = PBXFileReference; fileEncoding = 4; lastKnownFileType = sourcecode.swift; path = RootView.swift; sourceTree = "<group>"; };
		3A2CE8CE2BA4C1BB0021B106 /* TabBar.swift */ = {isa = PBXFileReference; fileEncoding = 4; lastKnownFileType = sourcecode.swift; path = TabBar.swift; sourceTree = "<group>"; };
		3A2CE8D92BA4C2830021B106 /* CardView.swift */ = {isa = PBXFileReference; fileEncoding = 4; lastKnownFileType = sourcecode.swift; path = CardView.swift; sourceTree = "<group>"; };
		3A2CE8DA2BA4C2830021B106 /* CardsListView.swift */ = {isa = PBXFileReference; fileEncoding = 4; lastKnownFileType = sourcecode.swift; path = CardsListView.swift; sourceTree = "<group>"; };
		3A2CE8DE2BA4C2B60021B106 /* leaf_animation.riv */ = {isa = PBXFileReference; lastKnownFileType = file; path = leaf_animation.riv; sourceTree = "<group>"; };
		3A2CE8E02BA4C2E60021B106 /* EntryWidget.swift */ = {isa = PBXFileReference; fileEncoding = 4; lastKnownFileType = sourcecode.swift; name = EntryWidget.swift; path = ../Features/EntryWidget.swift; sourceTree = "<group>"; };
		3A2CE8E22BA4C3260021B106 /* AppDelegate.swift */ = {isa = PBXFileReference; lastKnownFileType = sourcecode.swift; path = AppDelegate.swift; sourceTree = "<group>"; };
		3A2CE8E52BA4C3590021B106 /* CustomTabBar.swift */ = {isa = PBXFileReference; lastKnownFileType = sourcecode.swift; path = CustomTabBar.swift; sourceTree = "<group>"; };
		3A2CE8E72BA4C3730021B106 /* PassThroughWindow.swift */ = {isa = PBXFileReference; lastKnownFileType = sourcecode.swift; path = PassThroughWindow.swift; sourceTree = "<group>"; };
		3A2CE8E92BA4C4480021B106 /* DashboardView.swift */ = {isa = PBXFileReference; lastKnownFileType = sourcecode.swift; path = DashboardView.swift; sourceTree = "<group>"; };
		3A2CE8EB2BA4C76A0021B106 /* TransactionsListView.swift */ = {isa = PBXFileReference; lastKnownFileType = sourcecode.swift; path = TransactionsListView.swift; sourceTree = "<group>"; };
		3A2CE8ED2BA4C7780021B106 /* TransactionRowView.swift */ = {isa = PBXFileReference; lastKnownFileType = sourcecode.swift; path = TransactionRowView.swift; sourceTree = "<group>"; };
		3A2CE8EF2BA4C78A0021B106 /* TransactionDetailsView.swift */ = {isa = PBXFileReference; lastKnownFileType = sourcecode.swift; path = TransactionDetailsView.swift; sourceTree = "<group>"; };
		3A2CE8F22BA4C7FF0021B106 /* Card.swift */ = {isa = PBXFileReference; lastKnownFileType = sourcecode.swift; path = Card.swift; sourceTree = "<group>"; };
		3A2CE8F42BA4C8280021B106 /* Transaction.swift */ = {isa = PBXFileReference; lastKnownFileType = sourcecode.swift; path = Transaction.swift; sourceTree = "<group>"; };
		3A2CE8F62BA4D5800021B106 /* Tab.swift */ = {isa = PBXFileReference; lastKnownFileType = sourcecode.swift; path = Tab.swift; sourceTree = "<group>"; };
		3A2CE8F92BA548320021B106 /* Database.swift */ = {isa = PBXFileReference; lastKnownFileType = sourcecode.swift; path = Database.swift; sourceTree = "<group>"; };
/* End PBXFileReference section */

/* Begin PBXFrameworksBuildPhase section */
		3A2CE8B32BA4C1750021B106 /* Frameworks */ = {
			isa = PBXFrameworksBuildPhase;
			buildActionMask = 2147483647;
			files = (
				3A2CE8D52BA4C1F10021B106 /* ComposableArchitecture in Frameworks */,
				3A2CE8D82BA4C25F0021B106 /* RiveRuntime in Frameworks */,
			);
			runOnlyForDeploymentPostprocessing = 0;
		};
/* End PBXFrameworksBuildPhase section */

/* Begin PBXGroup section */
		3A2CE8AD2BA4C1750021B106 = {
			isa = PBXGroup;
			children = (
				3A2CE8B82BA4C1750021B106 /* Carbon */,
				3A2CE8B72BA4C1750021B106 /* Products */,
			);
			sourceTree = "<group>";
		};
		3A2CE8B72BA4C1750021B106 /* Products */ = {
			isa = PBXGroup;
			children = (
				3A2CE8B62BA4C1750021B106 /* Carbon.app */,
			);
			name = Products;
			sourceTree = "<group>";
		};
		3A2CE8B82BA4C1750021B106 /* Carbon */ = {
			isa = PBXGroup;
			children = (
				3A2CE8F82BA548250021B106 /* Dependency */,
				3A2CE8F12BA4C7F50021B106 /* Models */,
				3A2CE8E42BA4C33F0021B106 /* Components */,
				3A2CE8DD2BA4C2A00021B106 /* Resources */,
				3A2CE8CA2BA4C1860021B106 /* App */,
				3A2CE8C92BA4C1800021B106 /* Features */,
				3A2CE8BF2BA4C1780021B106 /* Assets.xcassets */,
				3A2CE8C12BA4C1780021B106 /* Preview Content */,
			);
			path = Carbon;
			sourceTree = "<group>";
		};
		3A2CE8C12BA4C1780021B106 /* Preview Content */ = {
			isa = PBXGroup;
			children = (
				3A2CE8C22BA4C1780021B106 /* Preview Assets.xcassets */,
			);
			path = "Preview Content";
			sourceTree = "<group>";
		};
		3A2CE8C92BA4C1800021B106 /* Features */ = {
			isa = PBXGroup;
			children = (
				3A2CE8DA2BA4C2830021B106 /* CardsListView.swift */,
				3A2CE8D92BA4C2830021B106 /* CardView.swift */,
				3A2CE8E92BA4C4480021B106 /* DashboardView.swift */,
				3A2CE8EB2BA4C76A0021B106 /* TransactionsListView.swift */,
				3A2CE8ED2BA4C7780021B106 /* TransactionRowView.swift */,
				3A2CE8EF2BA4C78A0021B106 /* TransactionDetailsView.swift */,
			);
			path = Features;
			sourceTree = "<group>";
		};
		3A2CE8CA2BA4C1860021B106 /* App */ = {
			isa = PBXGroup;
			children = (
				3A2CE8CD2BA4C1BB0021B106 /* RootView.swift */,
				3A2CE8CB2BA4C1BB0021B106 /* SceneDelegate.swift */,
				3A2CE8CE2BA4C1BB0021B106 /* TabBar.swift */,
				3A2CE8B92BA4C1750021B106 /* CarbonApp.swift */,
				3A2CE8E22BA4C3260021B106 /* AppDelegate.swift */,
			);
			path = App;
			sourceTree = "<group>";
		};
		3A2CE8DD2BA4C2A00021B106 /* Resources */ = {
			isa = PBXGroup;
			children = (
				3A2CE8DE2BA4C2B60021B106 /* leaf_animation.riv */,
			);
			path = Resources;
			sourceTree = "<group>";
		};
		3A2CE8E42BA4C33F0021B106 /* Components */ = {
			isa = PBXGroup;
			children = (
				3A2CE8E02BA4C2E60021B106 /* EntryWidget.swift */,
				3A2CE8E52BA4C3590021B106 /* CustomTabBar.swift */,
				3A2CE8E72BA4C3730021B106 /* PassThroughWindow.swift */,
			);
			path = Components;
			sourceTree = "<group>";
		};
		3A2CE8F12BA4C7F50021B106 /* Models */ = {
			isa = PBXGroup;
			children = (
				3A2CE8F22BA4C7FF0021B106 /* Card.swift */,
				3A2CE8F42BA4C8280021B106 /* Transaction.swift */,
				3A2CE8F62BA4D5800021B106 /* Tab.swift */,
			);
			path = Models;
			sourceTree = "<group>";
		};
		3A2CE8F82BA548250021B106 /* Dependency */ = {
			isa = PBXGroup;
			children = (
				3A2CE8F92BA548320021B106 /* Database.swift */,
			);
			path = Dependency;
			sourceTree = "<group>";
		};
/* End PBXGroup section */

/* Begin PBXNativeTarget section */
		3A2CE8B52BA4C1750021B106 /* Carbon */ = {
			isa = PBXNativeTarget;
			buildConfigurationList = 3A2CE8C62BA4C1780021B106 /* Build configuration list for PBXNativeTarget "Carbon" */;
			buildPhases = (
				3A2CE8B22BA4C1750021B106 /* Sources */,
				3A2CE8B32BA4C1750021B106 /* Frameworks */,
				3A2CE8B42BA4C1750021B106 /* Resources */,
			);
			buildRules = (
			);
			dependencies = (
			);
			name = Carbon;
			packageProductDependencies = (
				3A2CE8D42BA4C1F10021B106 /* ComposableArchitecture */,
				3A2CE8D72BA4C25F0021B106 /* RiveRuntime */,
			);
			productName = Carbon;
			productReference = 3A2CE8B62BA4C1750021B106 /* Carbon.app */;
			productType = "com.apple.product-type.application";
		};
/* End PBXNativeTarget section */

/* Begin PBXProject section */
		3A2CE8AE2BA4C1750021B106 /* Project object */ = {
			isa = PBXProject;
			attributes = {
				BuildIndependentTargetsInParallel = 1;
				LastSwiftUpdateCheck = 1520;
				LastUpgradeCheck = 1520;
				TargetAttributes = {
					3A2CE8B52BA4C1750021B106 = {
						CreatedOnToolsVersion = 15.2;
					};
				};
			};
			buildConfigurationList = 3A2CE8B12BA4C1750021B106 /* Build configuration list for PBXProject "Carbon" */;
			compatibilityVersion = "Xcode 14.0";
			developmentRegion = en;
			hasScannedForEncodings = 0;
			knownRegions = (
				en,
				Base,
			);
			mainGroup = 3A2CE8AD2BA4C1750021B106;
			packageReferences = (
				3A2CE8D32BA4C1F10021B106 /* XCRemoteSwiftPackageReference "swift-composable-architecture" */,
				3A2CE8D62BA4C25E0021B106 /* XCRemoteSwiftPackageReference "rive-ios" */,
			);
			productRefGroup = 3A2CE8B72BA4C1750021B106 /* Products */;
			projectDirPath = "";
			projectRoot = "";
			targets = (
				3A2CE8B52BA4C1750021B106 /* Carbon */,
			);
		};
/* End PBXProject section */

/* Begin PBXResourcesBuildPhase section */
		3A2CE8B42BA4C1750021B106 /* Resources */ = {
			isa = PBXResourcesBuildPhase;
			buildActionMask = 2147483647;
			files = (
				3A2CE8C32BA4C1780021B106 /* Preview Assets.xcassets in Resources */,
				3A2CE8C02BA4C1780021B106 /* Assets.xcassets in Resources */,
				3A2CE8DF2BA4C2B60021B106 /* leaf_animation.riv in Resources */,
			);
			runOnlyForDeploymentPostprocessing = 0;
		};
/* End PBXResourcesBuildPhase section */

/* Begin PBXSourcesBuildPhase section */
		3A2CE8B22BA4C1750021B106 /* Sources */ = {
			isa = PBXSourcesBuildPhase;
			buildActionMask = 2147483647;
			files = (
				3A2CE8F02BA4C78A0021B106 /* TransactionDetailsView.swift in Sources */,
				3A2CE8F72BA4D5800021B106 /* Tab.swift in Sources */,
				3A2CE8E32BA4C3260021B106 /* AppDelegate.swift in Sources */,
				3A2CE8F52BA4C8280021B106 /* Transaction.swift in Sources */,
				3A2CE8EC2BA4C76A0021B106 /* TransactionsListView.swift in Sources */,
				3A2CE8DB2BA4C2830021B106 /* CardView.swift in Sources */,
				3A2CE8FA2BA548320021B106 /* Database.swift in Sources */,
				3A2CE8EE2BA4C7780021B106 /* TransactionRowView.swift in Sources */,
				3A2CE8DC2BA4C2830021B106 /* CardsListView.swift in Sources */,
				3A2CE8D12BA4C1BB0021B106 /* RootView.swift in Sources */,
				3A2CE8F32BA4C7FF0021B106 /* Card.swift in Sources */,
				3A2CE8E82BA4C3730021B106 /* PassThroughWindow.swift in Sources */,
				3A2CE8E62BA4C3590021B106 /* CustomTabBar.swift in Sources */,
				3A2CE8EA2BA4C4480021B106 /* DashboardView.swift in Sources */,
				3A2CE8BA2BA4C1750021B106 /* CarbonApp.swift in Sources */,
				3A2CE8CF2BA4C1BB0021B106 /* SceneDelegate.swift in Sources */,
				3A2CE8D22BA4C1BB0021B106 /* TabBar.swift in Sources */,
				3A2CE8E12BA4C2E60021B106 /* EntryWidget.swift in Sources */,
			);
			runOnlyForDeploymentPostprocessing = 0;
		};
/* End PBXSourcesBuildPhase section */

/* Begin XCBuildConfiguration section */
		3A2CE8C42BA4C1780021B106 /* Debug */ = {
			isa = XCBuildConfiguration;
			buildSettings = {
				ALWAYS_SEARCH_USER_PATHS = NO;
				ASSETCATALOG_COMPILER_GENERATE_SWIFT_ASSET_SYMBOL_EXTENSIONS = YES;
				CLANG_ANALYZER_NONNULL = YES;
				CLANG_ANALYZER_NUMBER_OBJECT_CONVERSION = YES_AGGRESSIVE;
				CLANG_CXX_LANGUAGE_STANDARD = "gnu++20";
				CLANG_ENABLE_MODULES = YES;
				CLANG_ENABLE_OBJC_ARC = YES;
				CLANG_ENABLE_OBJC_WEAK = YES;
				CLANG_WARN_BLOCK_CAPTURE_AUTORELEASING = YES;
				CLANG_WARN_BOOL_CONVERSION = YES;
				CLANG_WARN_COMMA = YES;
				CLANG_WARN_CONSTANT_CONVERSION = YES;
				CLANG_WARN_DEPRECATED_OBJC_IMPLEMENTATIONS = YES;
				CLANG_WARN_DIRECT_OBJC_ISA_USAGE = YES_ERROR;
				CLANG_WARN_DOCUMENTATION_COMMENTS = YES;
				CLANG_WARN_EMPTY_BODY = YES;
				CLANG_WARN_ENUM_CONVERSION = YES;
				CLANG_WARN_INFINITE_RECURSION = YES;
				CLANG_WARN_INT_CONVERSION = YES;
				CLANG_WARN_NON_LITERAL_NULL_CONVERSION = YES;
				CLANG_WARN_OBJC_IMPLICIT_RETAIN_SELF = YES;
				CLANG_WARN_OBJC_LITERAL_CONVERSION = YES;
				CLANG_WARN_OBJC_ROOT_CLASS = YES_ERROR;
				CLANG_WARN_QUOTED_INCLUDE_IN_FRAMEWORK_HEADER = YES;
				CLANG_WARN_RANGE_LOOP_ANALYSIS = YES;
				CLANG_WARN_STRICT_PROTOTYPES = YES;
				CLANG_WARN_SUSPICIOUS_MOVE = YES;
				CLANG_WARN_UNGUARDED_AVAILABILITY = YES_AGGRESSIVE;
				CLANG_WARN_UNREACHABLE_CODE = YES;
				CLANG_WARN__DUPLICATE_METHOD_MATCH = YES;
				COPY_PHASE_STRIP = NO;
				DEBUG_INFORMATION_FORMAT = dwarf;
				ENABLE_STRICT_OBJC_MSGSEND = YES;
				ENABLE_TESTABILITY = YES;
				ENABLE_USER_SCRIPT_SANDBOXING = YES;
				GCC_C_LANGUAGE_STANDARD = gnu17;
				GCC_DYNAMIC_NO_PIC = NO;
				GCC_NO_COMMON_BLOCKS = YES;
				GCC_OPTIMIZATION_LEVEL = 0;
				GCC_PREPROCESSOR_DEFINITIONS = (
					"DEBUG=1",
					"$(inherited)",
				);
				GCC_WARN_64_TO_32_BIT_CONVERSION = YES;
				GCC_WARN_ABOUT_RETURN_TYPE = YES_ERROR;
				GCC_WARN_UNDECLARED_SELECTOR = YES;
				GCC_WARN_UNINITIALIZED_AUTOS = YES_AGGRESSIVE;
				GCC_WARN_UNUSED_FUNCTION = YES;
				GCC_WARN_UNUSED_VARIABLE = YES;
				IPHONEOS_DEPLOYMENT_TARGET = 17.2;
				LOCALIZATION_PREFERS_STRING_CATALOGS = YES;
				MTL_ENABLE_DEBUG_INFO = INCLUDE_SOURCE;
				MTL_FAST_MATH = YES;
				ONLY_ACTIVE_ARCH = YES;
				SDKROOT = iphoneos;
				SWIFT_ACTIVE_COMPILATION_CONDITIONS = "DEBUG $(inherited)";
				SWIFT_OPTIMIZATION_LEVEL = "-Onone";
			};
			name = Debug;
		};
		3A2CE8C52BA4C1780021B106 /* Release */ = {
			isa = XCBuildConfiguration;
			buildSettings = {
				ALWAYS_SEARCH_USER_PATHS = NO;
				ASSETCATALOG_COMPILER_GENERATE_SWIFT_ASSET_SYMBOL_EXTENSIONS = YES;
				CLANG_ANALYZER_NONNULL = YES;
				CLANG_ANALYZER_NUMBER_OBJECT_CONVERSION = YES_AGGRESSIVE;
				CLANG_CXX_LANGUAGE_STANDARD = "gnu++20";
				CLANG_ENABLE_MODULES = YES;
				CLANG_ENABLE_OBJC_ARC = YES;
				CLANG_ENABLE_OBJC_WEAK = YES;
				CLANG_WARN_BLOCK_CAPTURE_AUTORELEASING = YES;
				CLANG_WARN_BOOL_CONVERSION = YES;
				CLANG_WARN_COMMA = YES;
				CLANG_WARN_CONSTANT_CONVERSION = YES;
				CLANG_WARN_DEPRECATED_OBJC_IMPLEMENTATIONS = YES;
				CLANG_WARN_DIRECT_OBJC_ISA_USAGE = YES_ERROR;
				CLANG_WARN_DOCUMENTATION_COMMENTS = YES;
				CLANG_WARN_EMPTY_BODY = YES;
				CLANG_WARN_ENUM_CONVERSION = YES;
				CLANG_WARN_INFINITE_RECURSION = YES;
				CLANG_WARN_INT_CONVERSION = YES;
				CLANG_WARN_NON_LITERAL_NULL_CONVERSION = YES;
				CLANG_WARN_OBJC_IMPLICIT_RETAIN_SELF = YES;
				CLANG_WARN_OBJC_LITERAL_CONVERSION = YES;
				CLANG_WARN_OBJC_ROOT_CLASS = YES_ERROR;
				CLANG_WARN_QUOTED_INCLUDE_IN_FRAMEWORK_HEADER = YES;
				CLANG_WARN_RANGE_LOOP_ANALYSIS = YES;
				CLANG_WARN_STRICT_PROTOTYPES = YES;
				CLANG_WARN_SUSPICIOUS_MOVE = YES;
				CLANG_WARN_UNGUARDED_AVAILABILITY = YES_AGGRESSIVE;
				CLANG_WARN_UNREACHABLE_CODE = YES;
				CLANG_WARN__DUPLICATE_METHOD_MATCH = YES;
				COPY_PHASE_STRIP = NO;
				DEBUG_INFORMATION_FORMAT = "dwarf-with-dsym";
				ENABLE_NS_ASSERTIONS = NO;
				ENABLE_STRICT_OBJC_MSGSEND = YES;
				ENABLE_USER_SCRIPT_SANDBOXING = YES;
				GCC_C_LANGUAGE_STANDARD = gnu17;
				GCC_NO_COMMON_BLOCKS = YES;
				GCC_WARN_64_TO_32_BIT_CONVERSION = YES;
				GCC_WARN_ABOUT_RETURN_TYPE = YES_ERROR;
				GCC_WARN_UNDECLARED_SELECTOR = YES;
				GCC_WARN_UNINITIALIZED_AUTOS = YES_AGGRESSIVE;
				GCC_WARN_UNUSED_FUNCTION = YES;
				GCC_WARN_UNUSED_VARIABLE = YES;
				IPHONEOS_DEPLOYMENT_TARGET = 17.2;
				LOCALIZATION_PREFERS_STRING_CATALOGS = YES;
				MTL_ENABLE_DEBUG_INFO = NO;
				MTL_FAST_MATH = YES;
				SDKROOT = iphoneos;
				SWIFT_COMPILATION_MODE = wholemodule;
				VALIDATE_PRODUCT = YES;
			};
			name = Release;
		};
		3A2CE8C72BA4C1780021B106 /* Debug */ = {
			isa = XCBuildConfiguration;
			buildSettings = {
				ASSETCATALOG_COMPILER_APPICON_NAME = AppIcon;
				ASSETCATALOG_COMPILER_GLOBAL_ACCENT_COLOR_NAME = AccentColor;
				CODE_SIGN_STYLE = Automatic;
				CURRENT_PROJECT_VERSION = 1;
				DEVELOPMENT_ASSET_PATHS = "\"Carbon/Preview Content\"";
				ENABLE_PREVIEWS = YES;
				GENERATE_INFOPLIST_FILE = YES;
				INFOPLIST_KEY_UIApplicationSceneManifest_Generation = YES;
				INFOPLIST_KEY_UIApplicationSupportsIndirectInputEvents = YES;
				INFOPLIST_KEY_UILaunchScreen_Generation = YES;
				INFOPLIST_KEY_UISupportedInterfaceOrientations_iPad = "UIInterfaceOrientationPortrait UIInterfaceOrientationPortraitUpsideDown UIInterfaceOrientationLandscapeLeft UIInterfaceOrientationLandscapeRight";
				INFOPLIST_KEY_UISupportedInterfaceOrientations_iPhone = "UIInterfaceOrientationPortrait UIInterfaceOrientationLandscapeLeft UIInterfaceOrientationLandscapeRight";
				LD_RUNPATH_SEARCH_PATHS = (
					"$(inherited)",
					"@executable_path/Frameworks",
				);
				MARKETING_VERSION = 1.0;
				PRODUCT_BUNDLE_IDENTIFIER = com.example.Carbon;
				PRODUCT_NAME = "$(TARGET_NAME)";
				SWIFT_EMIT_LOC_STRINGS = YES;
				SWIFT_VERSION = 5.0;
				TARGETED_DEVICE_FAMILY = "1,2";
			};
			name = Debug;
		};
		3A2CE8C82BA4C1780021B106 /* Release */ = {
			isa = XCBuildConfiguration;
			buildSettings = {
				ASSETCATALOG_COMPILER_APPICON_NAME = AppIcon;
				ASSETCATALOG_COMPILER_GLOBAL_ACCENT_COLOR_NAME = AccentColor;
				CODE_SIGN_STYLE = Automatic;
				CURRENT_PROJECT_VERSION = 1;
				DEVELOPMENT_ASSET_PATHS = "\"Carbon/Preview Content\"";
				ENABLE_PREVIEWS = YES;
				GENERATE_INFOPLIST_FILE = YES;
				INFOPLIST_KEY_UIApplicationSceneManifest_Generation = YES;
				INFOPLIST_KEY_UIApplicationSupportsIndirectInputEvents = YES;
				INFOPLIST_KEY_UILaunchScreen_Generation = YES;
				INFOPLIST_KEY_UISupportedInterfaceOrientations_iPad = "UIInterfaceOrientationPortrait UIInterfaceOrientationPortraitUpsideDown UIInterfaceOrientationLandscapeLeft UIInterfaceOrientationLandscapeRight";
				INFOPLIST_KEY_UISupportedInterfaceOrientations_iPhone = "UIInterfaceOrientationPortrait UIInterfaceOrientationLandscapeLeft UIInterfaceOrientationLandscapeRight";
				LD_RUNPATH_SEARCH_PATHS = (
					"$(inherited)",
					"@executable_path/Frameworks",
				);
				MARKETING_VERSION = 1.0;
				PRODUCT_BUNDLE_IDENTIFIER = com.example.Carbon;
				PRODUCT_NAME = "$(TARGET_NAME)";
				SWIFT_EMIT_LOC_STRINGS = YES;
				SWIFT_VERSION = 5.0;
				TARGETED_DEVICE_FAMILY = "1,2";
			};
			name = Release;
		};
/* End XCBuildConfiguration section */

/* Begin XCConfigurationList section */
		3A2CE8B12BA4C1750021B106 /* Build configuration list for PBXProject "Carbon" */ = {
			isa = XCConfigurationList;
			buildConfigurations = (
				3A2CE8C42BA4C1780021B106 /* Debug */,
				3A2CE8C52BA4C1780021B106 /* Release */,
			);
			defaultConfigurationIsVisible = 0;
			defaultConfigurationName = Release;
		};
		3A2CE8C62BA4C1780021B106 /* Build configuration list for PBXNativeTarget "Carbon" */ = {
			isa = XCConfigurationList;
			buildConfigurations = (
				3A2CE8C72BA4C1780021B106 /* Debug */,
				3A2CE8C82BA4C1780021B106 /* Release */,
			);
			defaultConfigurationIsVisible = 0;
			defaultConfigurationName = Release;
		};
/* End XCConfigurationList section */

/* Begin XCRemoteSwiftPackageReference section */
		3A2CE8D32BA4C1F10021B106 /* XCRemoteSwiftPackageReference "swift-composable-architecture" */ = {
			isa = XCRemoteSwiftPackageReference;
			repositoryURL = "https://github.com/pointfreeco/swift-composable-architecture.git";
			requirement = {
				kind = upToNextMajorVersion;
				minimumVersion = 1.9.2;
			};
		};
		3A2CE8D62BA4C25E0021B106 /* XCRemoteSwiftPackageReference "rive-ios" */ = {
			isa = XCRemoteSwiftPackageReference;
			repositoryURL = "https://github.com/rive-app/rive-ios.git";
			requirement = {
				kind = upToNextMajorVersion;
				minimumVersion = 5.9.1;
			};
		};
/* End XCRemoteSwiftPackageReference section */

/* Begin XCSwiftPackageProductDependency section */
		3A2CE8D42BA4C1F10021B106 /* ComposableArchitecture */ = {
			isa = XCSwiftPackageProductDependency;
			package = 3A2CE8D32BA4C1F10021B106 /* XCRemoteSwiftPackageReference "swift-composable-architecture" */;
			productName = ComposableArchitecture;
		};
		3A2CE8D72BA4C25F0021B106 /* RiveRuntime */ = {
			isa = XCSwiftPackageProductDependency;
			package = 3A2CE8D62BA4C25E0021B106 /* XCRemoteSwiftPackageReference "rive-ios" */;
			productName = RiveRuntime;
		};
/* End XCSwiftPackageProductDependency section */
	};
	rootObject = 3A2CE8AE2BA4C1750021B106 /* Project object */;
}
